// !$*UTF8*$!
{
	archiveVersion = 1;
	classes = {
	};
	objectVersion = 55;
	objects = {

/* Begin PBXBuildFile section */
		B8F91D05281D2D5300274F60 /* GFGAssignmentApp.swift in Sources */ = {isa = PBXBuildFile; fileRef = B8F91D04281D2D5300274F60 /* GFGAssignmentApp.swift */; };
		B8F91D09281D2D5800274F60 /* Assets.xcassets in Resources */ = {isa = PBXBuildFile; fileRef = B8F91D08281D2D5800274F60 /* Assets.xcassets */; };
		B8F91D0C281D2D5800274F60 /* Preview Assets.xcassets in Resources */ = {isa = PBXBuildFile; fileRef = B8F91D0B281D2D5800274F60 /* Preview Assets.xcassets */; };
		B8F91D16281D2D5800274F60 /* GFGAssignmentTests.swift in Sources */ = {isa = PBXBuildFile; fileRef = B8F91D15281D2D5800274F60 /* GFGAssignmentTests.swift */; };
		B8F91D20281D2D5800274F60 /* GFGAssignmentUITests.swift in Sources */ = {isa = PBXBuildFile; fileRef = B8F91D1F281D2D5800274F60 /* GFGAssignmentUITests.swift */; };
		B8F91D22281D2D5800274F60 /* GFGAssignmentUITestsLaunchTests.swift in Sources */ = {isa = PBXBuildFile; fileRef = B8F91D21281D2D5800274F60 /* GFGAssignmentUITestsLaunchTests.swift */; };
		B8F91D30281D2DB800274F60 /* NewsListView.swift in Sources */ = {isa = PBXBuildFile; fileRef = B8F91D2F281D2DB800274F60 /* NewsListView.swift */; };
		B8F91D33281D2E0100274F60 /* NewsCell.swift in Sources */ = {isa = PBXBuildFile; fileRef = B8F91D31281D2E0000274F60 /* NewsCell.swift */; };
		B8F91D34281D2E0100274F60 /* ExpendedCell.swift in Sources */ = {isa = PBXBuildFile; fileRef = B8F91D32281D2E0000274F60 /* ExpendedCell.swift */; };
		B8F91D37281D347300274F60 /* APIManager.swift in Sources */ = {isa = PBXBuildFile; fileRef = B8F91D36281D347300274F60 /* APIManager.swift */; };
		B8F91D3D281D436500274F60 /* Enclosure.swift in Sources */ = {isa = PBXBuildFile; fileRef = B8F91D39281D436500274F60 /* Enclosure.swift */; };
		B8F91D3E281D436500274F60 /* Items.swift in Sources */ = {isa = PBXBuildFile; fileRef = B8F91D3A281D436500274F60 /* Items.swift */; };
		B8F91D3F281D436500274F60 /* NewsAPIModel.swift in Sources */ = {isa = PBXBuildFile; fileRef = B8F91D3B281D436500274F60 /* NewsAPIModel.swift */; };
		B8F91D40281D436500274F60 /* Feed.swift in Sources */ = {isa = PBXBuildFile; fileRef = B8F91D3C281D436500274F60 /* Feed.swift */; };
		B8F91D43281D441000274F60 /* NewsListViewModel.swift in Sources */ = {isa = PBXBuildFile; fileRef = B8F91D42281D441000274F60 /* NewsListViewModel.swift */; };
		B8F91D45281D565500274F60 /* ItemModel.swift in Sources */ = {isa = PBXBuildFile; fileRef = B8F91D44281D565500274F60 /* ItemModel.swift */; };
/* End PBXBuildFile section */

/* Begin PBXContainerItemProxy section */
		B8F91D12281D2D5800274F60 /* PBXContainerItemProxy */ = {
			isa = PBXContainerItemProxy;
			containerPortal = B8F91CF9281D2D5300274F60 /* Project object */;
			proxyType = 1;
			remoteGlobalIDString = B8F91D00281D2D5300274F60;
			remoteInfo = GFGAssignment;
		};
		B8F91D1C281D2D5800274F60 /* PBXContainerItemProxy */ = {
			isa = PBXContainerItemProxy;
			containerPortal = B8F91CF9281D2D5300274F60 /* Project object */;
			proxyType = 1;
			remoteGlobalIDString = B8F91D00281D2D5300274F60;
			remoteInfo = GFGAssignment;
		};
/* End PBXContainerItemProxy section */

/* Begin PBXFileReference section */
		B8F91D01281D2D5300274F60 /* GFGAssignment.app */ = {isa = PBXFileReference; explicitFileType = wrapper.application; includeInIndex = 0; path = GFGAssignment.app; sourceTree = BUILT_PRODUCTS_DIR; };
		B8F91D04281D2D5300274F60 /* GFGAssignmentApp.swift */ = {isa = PBXFileReference; lastKnownFileType = sourcecode.swift; path = GFGAssignmentApp.swift; sourceTree = "<group>"; };
		B8F91D08281D2D5800274F60 /* Assets.xcassets */ = {isa = PBXFileReference; lastKnownFileType = folder.assetcatalog; path = Assets.xcassets; sourceTree = "<group>"; };
		B8F91D0B281D2D5800274F60 /* Preview Assets.xcassets */ = {isa = PBXFileReference; lastKnownFileType = folder.assetcatalog; path = "Preview Assets.xcassets"; sourceTree = "<group>"; };
		B8F91D11281D2D5800274F60 /* GFGAssignmentTests.xctest */ = {isa = PBXFileReference; explicitFileType = wrapper.cfbundle; includeInIndex = 0; path = GFGAssignmentTests.xctest; sourceTree = BUILT_PRODUCTS_DIR; };
		B8F91D15281D2D5800274F60 /* GFGAssignmentTests.swift */ = {isa = PBXFileReference; lastKnownFileType = sourcecode.swift; path = GFGAssignmentTests.swift; sourceTree = "<group>"; };
		B8F91D1B281D2D5800274F60 /* GFGAssignmentUITests.xctest */ = {isa = PBXFileReference; explicitFileType = wrapper.cfbundle; includeInIndex = 0; path = GFGAssignmentUITests.xctest; sourceTree = BUILT_PRODUCTS_DIR; };
		B8F91D1F281D2D5800274F60 /* GFGAssignmentUITests.swift */ = {isa = PBXFileReference; lastKnownFileType = sourcecode.swift; path = GFGAssignmentUITests.swift; sourceTree = "<group>"; };
		B8F91D21281D2D5800274F60 /* GFGAssignmentUITestsLaunchTests.swift */ = {isa = PBXFileReference; lastKnownFileType = sourcecode.swift; path = GFGAssignmentUITestsLaunchTests.swift; sourceTree = "<group>"; };
		B8F91D2F281D2DB800274F60 /* NewsListView.swift */ = {isa = PBXFileReference; lastKnownFileType = sourcecode.swift; path = NewsListView.swift; sourceTree = "<group>"; };
		B8F91D31281D2E0000274F60 /* NewsCell.swift */ = {isa = PBXFileReference; fileEncoding = 4; lastKnownFileType = sourcecode.swift; path = NewsCell.swift; sourceTree = "<group>"; };
		B8F91D32281D2E0000274F60 /* ExpendedCell.swift */ = {isa = PBXFileReference; fileEncoding = 4; lastKnownFileType = sourcecode.swift; path = ExpendedCell.swift; sourceTree = "<group>"; };
		B8F91D36281D347300274F60 /* APIManager.swift */ = {isa = PBXFileReference; lastKnownFileType = sourcecode.swift; path = APIManager.swift; sourceTree = "<group>"; };
		B8F91D39281D436500274F60 /* Enclosure.swift */ = {isa = PBXFileReference; fileEncoding = 4; lastKnownFileType = sourcecode.swift; path = Enclosure.swift; sourceTree = "<group>"; };
		B8F91D3A281D436500274F60 /* Items.swift */ = {isa = PBXFileReference; fileEncoding = 4; lastKnownFileType = sourcecode.swift; path = Items.swift; sourceTree = "<group>"; };
		B8F91D3B281D436500274F60 /* NewsAPIModel.swift */ = {isa = PBXFileReference; fileEncoding = 4; lastKnownFileType = sourcecode.swift; path = NewsAPIModel.swift; sourceTree = "<group>"; };
		B8F91D3C281D436500274F60 /* Feed.swift */ = {isa = PBXFileReference; fileEncoding = 4; lastKnownFileType = sourcecode.swift; path = Feed.swift; sourceTree = "<group>"; };
		B8F91D42281D441000274F60 /* NewsListViewModel.swift */ = {isa = PBXFileReference; lastKnownFileType = sourcecode.swift; path = NewsListViewModel.swift; sourceTree = "<group>"; };
		B8F91D44281D565500274F60 /* ItemModel.swift */ = {isa = PBXFileReference; lastKnownFileType = sourcecode.swift; path = ItemModel.swift; sourceTree = "<group>"; };
/* End PBXFileReference section */

/* Begin PBXFrameworksBuildPhase section */
		B8F91CFE281D2D5300274F60 /* Frameworks */ = {
			isa = PBXFrameworksBuildPhase;
			buildActionMask = 2147483647;
			files = (
			);
			runOnlyForDeploymentPostprocessing = 0;
		};
		B8F91D0E281D2D5800274F60 /* Frameworks */ = {
			isa = PBXFrameworksBuildPhase;
			buildActionMask = 2147483647;
			files = (
			);
			runOnlyForDeploymentPostprocessing = 0;
		};
		B8F91D18281D2D5800274F60 /* Frameworks */ = {
			isa = PBXFrameworksBuildPhase;
			buildActionMask = 2147483647;
			files = (
			);
			runOnlyForDeploymentPostprocessing = 0;
		};
/* End PBXFrameworksBuildPhase section */

/* Begin PBXGroup section */
		B8F91CF8281D2D5300274F60 = {
			isa = PBXGroup;
			children = (
				B8F91D03281D2D5300274F60 /* GFGAssignment */,
				B8F91D14281D2D5800274F60 /* GFGAssignmentTests */,
				B8F91D1E281D2D5800274F60 /* GFGAssignmentUITests */,
				B8F91D02281D2D5300274F60 /* Products */,
			);
			sourceTree = "<group>";
		};
		B8F91D02281D2D5300274F60 /* Products */ = {
			isa = PBXGroup;
			children = (
				B8F91D01281D2D5300274F60 /* GFGAssignment.app */,
				B8F91D11281D2D5800274F60 /* GFGAssignmentTests.xctest */,
				B8F91D1B281D2D5800274F60 /* GFGAssignmentUITests.xctest */,
			);
			name = Products;
			sourceTree = "<group>";
		};
		B8F91D03281D2D5300274F60 /* GFGAssignment */ = {
			isa = PBXGroup;
			children = (
				B8F91D35281D343800274F60 /* APIManager */,
				B8F91D38281D435500274F60 /* Models */,
				B8F91D41281D43EF00274F60 /* ViewModels */,
				B8F91D2E281D2D7300274F60 /* Views */,
				B8F91D04281D2D5300274F60 /* GFGAssignmentApp.swift */,
				B8F91D08281D2D5800274F60 /* Assets.xcassets */,
				B8F91D0A281D2D5800274F60 /* Preview Content */,
			);
			path = GFGAssignment;
			sourceTree = "<group>";
		};
		B8F91D0A281D2D5800274F60 /* Preview Content */ = {
			isa = PBXGroup;
			children = (
				B8F91D0B281D2D5800274F60 /* Preview Assets.xcassets */,
			);
			path = "Preview Content";
			sourceTree = "<group>";
		};
		B8F91D14281D2D5800274F60 /* GFGAssignmentTests */ = {
			isa = PBXGroup;
			children = (
				B8F91D15281D2D5800274F60 /* GFGAssignmentTests.swift */,
			);
			path = GFGAssignmentTests;
			sourceTree = "<group>";
		};
		B8F91D1E281D2D5800274F60 /* GFGAssignmentUITests */ = {
			isa = PBXGroup;
			children = (
				B8F91D1F281D2D5800274F60 /* GFGAssignmentUITests.swift */,
				B8F91D21281D2D5800274F60 /* GFGAssignmentUITestsLaunchTests.swift */,
			);
			path = GFGAssignmentUITests;
			sourceTree = "<group>";
		};
		B8F91D2E281D2D7300274F60 /* Views */ = {
			isa = PBXGroup;
			children = (
				B8F91D2F281D2DB800274F60 /* NewsListView.swift */,
				B8F91D32281D2E0000274F60 /* ExpendedCell.swift */,
				B8F91D31281D2E0000274F60 /* NewsCell.swift */,
			);
			path = Views;
			sourceTree = "<group>";
		};
		B8F91D35281D343800274F60 /* APIManager */ = {
			isa = PBXGroup;
			children = (
				B8F91D36281D347300274F60 /* APIManager.swift */,
			);
			path = APIManager;
			sourceTree = "<group>";
		};
		B8F91D38281D435500274F60 /* Models */ = {
			isa = PBXGroup;
			children = (
				B8F91D39281D436500274F60 /* Enclosure.swift */,
				B8F91D3C281D436500274F60 /* Feed.swift */,
				B8F91D3A281D436500274F60 /* Items.swift */,
				B8F91D3B281D436500274F60 /* NewsAPIModel.swift */,
				B8F91D44281D565500274F60 /* ItemModel.swift */,
			);
			path = Models;
			sourceTree = "<group>";
		};
		B8F91D41281D43EF00274F60 /* ViewModels */ = {
			isa = PBXGroup;
			children = (
				B8F91D42281D441000274F60 /* NewsListViewModel.swift */,
			);
			path = ViewModels;
			sourceTree = "<group>";
		};
/* End PBXGroup section */

/* Begin PBXNativeTarget section */
		B8F91D00281D2D5300274F60 /* GFGAssignment */ = {
			isa = PBXNativeTarget;
			buildConfigurationList = B8F91D25281D2D5800274F60 /* Build configuration list for PBXNativeTarget "GFGAssignment" */;
			buildPhases = (
				B8F91CFD281D2D5300274F60 /* Sources */,
				B8F91CFE281D2D5300274F60 /* Frameworks */,
				B8F91CFF281D2D5300274F60 /* Resources */,
			);
			buildRules = (
			);
			dependencies = (
			);
			name = GFGAssignment;
			productName = GFGAssignment;
			productReference = B8F91D01281D2D5300274F60 /* GFGAssignment.app */;
			productType = "com.apple.product-type.application";
		};
		B8F91D10281D2D5800274F60 /* GFGAssignmentTests */ = {
			isa = PBXNativeTarget;
			buildConfigurationList = B8F91D28281D2D5800274F60 /* Build configuration list for PBXNativeTarget "GFGAssignmentTests" */;
			buildPhases = (
				B8F91D0D281D2D5800274F60 /* Sources */,
				B8F91D0E281D2D5800274F60 /* Frameworks */,
				B8F91D0F281D2D5800274F60 /* Resources */,
			);
			buildRules = (
			);
			dependencies = (
				B8F91D13281D2D5800274F60 /* PBXTargetDependency */,
			);
			name = GFGAssignmentTests;
			productName = GFGAssignmentTests;
			productReference = B8F91D11281D2D5800274F60 /* GFGAssignmentTests.xctest */;
			productType = "com.apple.product-type.bundle.unit-test";
		};
		B8F91D1A281D2D5800274F60 /* GFGAssignmentUITests */ = {
			isa = PBXNativeTarget;
			buildConfigurationList = B8F91D2B281D2D5800274F60 /* Build configuration list for PBXNativeTarget "GFGAssignmentUITests" */;
			buildPhases = (
				B8F91D17281D2D5800274F60 /* Sources */,
				B8F91D18281D2D5800274F60 /* Frameworks */,
				B8F91D19281D2D5800274F60 /* Resources */,
			);
			buildRules = (
			);
			dependencies = (
				B8F91D1D281D2D5800274F60 /* PBXTargetDependency */,
			);
			name = GFGAssignmentUITests;
			productName = GFGAssignmentUITests;
			productReference = B8F91D1B281D2D5800274F60 /* GFGAssignmentUITests.xctest */;
			productType = "com.apple.product-type.bundle.ui-testing";
		};
/* End PBXNativeTarget section */

/* Begin PBXProject section */
		B8F91CF9281D2D5300274F60 /* Project object */ = {
			isa = PBXProject;
			attributes = {
				BuildIndependentTargetsInParallel = 1;
				LastSwiftUpdateCheck = 1330;
				LastUpgradeCheck = 1330;
				TargetAttributes = {
					B8F91D00281D2D5300274F60 = {
						CreatedOnToolsVersion = 13.3.1;
					};
					B8F91D10281D2D5800274F60 = {
						CreatedOnToolsVersion = 13.3.1;
						TestTargetID = B8F91D00281D2D5300274F60;
					};
					B8F91D1A281D2D5800274F60 = {
						CreatedOnToolsVersion = 13.3.1;
						TestTargetID = B8F91D00281D2D5300274F60;
					};
				};
			};
			buildConfigurationList = B8F91CFC281D2D5300274F60 /* Build configuration list for PBXProject "GFGAssignment" */;
			compatibilityVersion = "Xcode 13.0";
			developmentRegion = en;
			hasScannedForEncodings = 0;
			knownRegions = (
				en,
				Base,
			);
			mainGroup = B8F91CF8281D2D5300274F60;
			productRefGroup = B8F91D02281D2D5300274F60 /* Products */;
			projectDirPath = "";
			projectRoot = "";
			targets = (
				B8F91D00281D2D5300274F60 /* GFGAssignment */,
				B8F91D10281D2D5800274F60 /* GFGAssignmentTests */,
				B8F91D1A281D2D5800274F60 /* GFGAssignmentUITests */,
			);
		};
/* End PBXProject section */

/* Begin PBXResourcesBuildPhase section */
		B8F91CFF281D2D5300274F60 /* Resources */ = {
			isa = PBXResourcesBuildPhase;
			buildActionMask = 2147483647;
			files = (
				B8F91D0C281D2D5800274F60 /* Preview Assets.xcassets in Resources */,
				B8F91D09281D2D5800274F60 /* Assets.xcassets in Resources */,
			);
			runOnlyForDeploymentPostprocessing = 0;
		};
		B8F91D0F281D2D5800274F60 /* Resources */ = {
			isa = PBXResourcesBuildPhase;
			buildActionMask = 2147483647;
			files = (
			);
			runOnlyForDeploymentPostprocessing = 0;
		};
		B8F91D19281D2D5800274F60 /* Resources */ = {
			isa = PBXResourcesBuildPhase;
			buildActionMask = 2147483647;
			files = (
			);
			runOnlyForDeploymentPostprocessing = 0;
		};
/* End PBXResourcesBuildPhase section */

/* Begin PBXSourcesBuildPhase section */
		B8F91CFD281D2D5300274F60 /* Sources */ = {
			isa = PBXSourcesBuildPhase;
			buildActionMask = 2147483647;
			files = (
				B8F91D3D281D436500274F60 /* Enclosure.swift in Sources */,
				B8F91D40281D436500274F60 /* Feed.swift in Sources */,
				B8F91D05281D2D5300274F60 /* GFGAssignmentApp.swift in Sources */,
				B8F91D33281D2E0100274F60 /* NewsCell.swift in Sources */,
				B8F91D45281D565500274F60 /* ItemModel.swift in Sources */,
				B8F91D37281D347300274F60 /* APIManager.swift in Sources */,
				B8F91D3E281D436500274F60 /* Items.swift in Sources */,
				B8F91D3F281D436500274F60 /* NewsAPIModel.swift in Sources */,
				B8F91D43281D441000274F60 /* NewsListViewModel.swift in Sources */,
				B8F91D34281D2E0100274F60 /* ExpendedCell.swift in Sources */,
				B8F91D30281D2DB800274F60 /* NewsListView.swift in Sources */,
			);
			runOnlyForDeploymentPostprocessing = 0;
		};
		B8F91D0D281D2D5800274F60 /* Sources */ = {
			isa = PBXSourcesBuildPhase;
			buildActionMask = 2147483647;
			files = (
				B8F91D16281D2D5800274F60 /* GFGAssignmentTests.swift in Sources */,
			);
			runOnlyForDeploymentPostprocessing = 0;
		};
		B8F91D17281D2D5800274F60 /* Sources */ = {
			isa = PBXSourcesBuildPhase;
			buildActionMask = 2147483647;
			files = (
				B8F91D22281D2D5800274F60 /* GFGAssignmentUITestsLaunchTests.swift in Sources */,
				B8F91D20281D2D5800274F60 /* GFGAssignmentUITests.swift in Sources */,
			);
			runOnlyForDeploymentPostprocessing = 0;
		};
/* End PBXSourcesBuildPhase section */

/* Begin PBXTargetDependency section */
		B8F91D13281D2D5800274F60 /* PBXTargetDependency */ = {
			isa = PBXTargetDependency;
			target = B8F91D00281D2D5300274F60 /* GFGAssignment */;
			targetProxy = B8F91D12281D2D5800274F60 /* PBXContainerItemProxy */;
		};
		B8F91D1D281D2D5800274F60 /* PBXTargetDependency */ = {
			isa = PBXTargetDependency;
			target = B8F91D00281D2D5300274F60 /* GFGAssignment */;
			targetProxy = B8F91D1C281D2D5800274F60 /* PBXContainerItemProxy */;
		};
/* End PBXTargetDependency section */

/* Begin XCBuildConfiguration section */
		B8F91D23281D2D5800274F60 /* Debug */ = {
			isa = XCBuildConfiguration;
			buildSettings = {
				ALWAYS_SEARCH_USER_PATHS = NO;
				CLANG_ANALYZER_NONNULL = YES;
				CLANG_ANALYZER_NUMBER_OBJECT_CONVERSION = YES_AGGRESSIVE;
				CLANG_CXX_LANGUAGE_STANDARD = "gnu++17";
				CLANG_ENABLE_MODULES = YES;
				CLANG_ENABLE_OBJC_ARC = YES;
				CLANG_ENABLE_OBJC_WEAK = YES;
				CLANG_WARN_BLOCK_CAPTURE_AUTORELEASING = YES;
				CLANG_WARN_BOOL_CONVERSION = YES;
				CLANG_WARN_COMMA = YES;
				CLANG_WARN_CONSTANT_CONVERSION = YES;
				CLANG_WARN_DEPRECATED_OBJC_IMPLEMENTATIONS = YES;
				CLANG_WARN_DIRECT_OBJC_ISA_USAGE = YES_ERROR;
				CLANG_WARN_DOCUMENTATION_COMMENTS = YES;
				CLANG_WARN_EMPTY_BODY = YES;
				CLANG_WARN_ENUM_CONVERSION = YES;
				CLANG_WARN_INFINITE_RECURSION = YES;
				CLANG_WARN_INT_CONVERSION = YES;
				CLANG_WARN_NON_LITERAL_NULL_CONVERSION = YES;
				CLANG_WARN_OBJC_IMPLICIT_RETAIN_SELF = YES;
				CLANG_WARN_OBJC_LITERAL_CONVERSION = YES;
				CLANG_WARN_OBJC_ROOT_CLASS = YES_ERROR;
				CLANG_WARN_QUOTED_INCLUDE_IN_FRAMEWORK_HEADER = YES;
				CLANG_WARN_RANGE_LOOP_ANALYSIS = YES;
				CLANG_WARN_STRICT_PROTOTYPES = YES;
				CLANG_WARN_SUSPICIOUS_MOVE = YES;
				CLANG_WARN_UNGUARDED_AVAILABILITY = YES_AGGRESSIVE;
				CLANG_WARN_UNREACHABLE_CODE = YES;
				CLANG_WARN__DUPLICATE_METHOD_MATCH = YES;
				COPY_PHASE_STRIP = NO;
				DEBUG_INFORMATION_FORMAT = dwarf;
				ENABLE_STRICT_OBJC_MSGSEND = YES;
				ENABLE_TESTABILITY = YES;
				GCC_C_LANGUAGE_STANDARD = gnu11;
				GCC_DYNAMIC_NO_PIC = NO;
				GCC_NO_COMMON_BLOCKS = YES;
				GCC_OPTIMIZATION_LEVEL = 0;
				GCC_PREPROCESSOR_DEFINITIONS = (
					"DEBUG=1",
					"$(inherited)",
				);
				GCC_WARN_64_TO_32_BIT_CONVERSION = YES;
				GCC_WARN_ABOUT_RETURN_TYPE = YES_ERROR;
				GCC_WARN_UNDECLARED_SELECTOR = YES;
				GCC_WARN_UNINITIALIZED_AUTOS = YES_AGGRESSIVE;
				GCC_WARN_UNUSED_FUNCTION = YES;
				GCC_WARN_UNUSED_VARIABLE = YES;
				IPHONEOS_DEPLOYMENT_TARGET = 15.4;
				MTL_ENABLE_DEBUG_INFO = INCLUDE_SOURCE;
				MTL_FAST_MATH = YES;
				ONLY_ACTIVE_ARCH = YES;
				SDKROOT = iphoneos;
				SWIFT_ACTIVE_COMPILATION_CONDITIONS = DEBUG;
				SWIFT_OPTIMIZATION_LEVEL = "-Onone";
			};
			name = Debug;
		};
		B8F91D24281D2D5800274F60 /* Release */ = {
			isa = XCBuildConfiguration;
			buildSettings = {
				ALWAYS_SEARCH_USER_PATHS = NO;
				CLANG_ANALYZER_NONNULL = YES;
				CLANG_ANALYZER_NUMBER_OBJECT_CONVERSION = YES_AGGRESSIVE;
				CLANG_CXX_LANGUAGE_STANDARD = "gnu++17";
				CLANG_ENABLE_MODULES = YES;
				CLANG_ENABLE_OBJC_ARC = YES;
				CLANG_ENABLE_OBJC_WEAK = YES;
				CLANG_WARN_BLOCK_CAPTURE_AUTORELEASING = YES;
				CLANG_WARN_BOOL_CONVERSION = YES;
				CLANG_WARN_COMMA = YES;
				CLANG_WARN_CONSTANT_CONVERSION = YES;
				CLANG_WARN_DEPRECATED_OBJC_IMPLEMENTATIONS = YES;
				CLANG_WARN_DIRECT_OBJC_ISA_USAGE = YES_ERROR;
				CLANG_WARN_DOCUMENTATION_COMMENTS = YES;
				CLANG_WARN_EMPTY_BODY = YES;
				CLANG_WARN_ENUM_CONVERSION = YES;
				CLANG_WARN_INFINITE_RECURSION = YES;
				CLANG_WARN_INT_CONVERSION = YES;
				CLANG_WARN_NON_LITERAL_NULL_CONVERSION = YES;
				CLANG_WARN_OBJC_IMPLICIT_RETAIN_SELF = YES;
				CLANG_WARN_OBJC_LITERAL_CONVERSION = YES;
				CLANG_WARN_OBJC_ROOT_CLASS = YES_ERROR;
				CLANG_WARN_QUOTED_INCLUDE_IN_FRAMEWORK_HEADER = YES;
				CLANG_WARN_RANGE_LOOP_ANALYSIS = YES;
				CLANG_WARN_STRICT_PROTOTYPES = YES;
				CLANG_WARN_SUSPICIOUS_MOVE = YES;
				CLANG_WARN_UNGUARDED_AVAILABILITY = YES_AGGRESSIVE;
				CLANG_WARN_UNREACHABLE_CODE = YES;
				CLANG_WARN__DUPLICATE_METHOD_MATCH = YES;
				COPY_PHASE_STRIP = NO;
				DEBUG_INFORMATION_FORMAT = "dwarf-with-dsym";
				ENABLE_NS_ASSERTIONS = NO;
				ENABLE_STRICT_OBJC_MSGSEND = YES;
				GCC_C_LANGUAGE_STANDARD = gnu11;
				GCC_NO_COMMON_BLOCKS = YES;
				GCC_WARN_64_TO_32_BIT_CONVERSION = YES;
				GCC_WARN_ABOUT_RETURN_TYPE = YES_ERROR;
				GCC_WARN_UNDECLARED_SELECTOR = YES;
				GCC_WARN_UNINITIALIZED_AUTOS = YES_AGGRESSIVE;
				GCC_WARN_UNUSED_FUNCTION = YES;
				GCC_WARN_UNUSED_VARIABLE = YES;
				IPHONEOS_DEPLOYMENT_TARGET = 15.4;
				MTL_ENABLE_DEBUG_INFO = NO;
				MTL_FAST_MATH = YES;
				SDKROOT = iphoneos;
				SWIFT_COMPILATION_MODE = wholemodule;
				SWIFT_OPTIMIZATION_LEVEL = "-O";
				VALIDATE_PRODUCT = YES;
			};
			name = Release;
		};
		B8F91D26281D2D5800274F60 /* Debug */ = {
			isa = XCBuildConfiguration;
			buildSettings = {
				ASSETCATALOG_COMPILER_APPICON_NAME = AppIcon;
				ASSETCATALOG_COMPILER_GLOBAL_ACCENT_COLOR_NAME = AccentColor;
				CODE_SIGN_STYLE = Automatic;
				CURRENT_PROJECT_VERSION = 1;
				DEVELOPMENT_ASSET_PATHS = "\"GFGAssignment/Preview Content\"";
				DEVELOPMENT_TEAM = U8KL639237;
				ENABLE_PREVIEWS = YES;
				GENERATE_INFOPLIST_FILE = YES;
				INFOPLIST_KEY_UIApplicationSceneManifest_Generation = YES;
				INFOPLIST_KEY_UIApplicationSupportsIndirectInputEvents = YES;
				INFOPLIST_KEY_UILaunchScreen_Generation = YES;
				INFOPLIST_KEY_UISupportedInterfaceOrientations_iPad = "UIInterfaceOrientationPortrait UIInterfaceOrientationPortraitUpsideDown UIInterfaceOrientationLandscapeLeft UIInterfaceOrientationLandscapeRight";
				INFOPLIST_KEY_UISupportedInterfaceOrientations_iPhone = "UIInterfaceOrientationPortrait UIInterfaceOrientationLandscapeLeft UIInterfaceOrientationLandscapeRight";
				LD_RUNPATH_SEARCH_PATHS = (
					"$(inherited)",
					"@executable_path/Frameworks",
				);
				MARKETING_VERSION = 1.0;
				PRODUCT_BUNDLE_IDENTIFIER = com.rahul.GFGAssignment;
				PRODUCT_NAME = "$(TARGET_NAME)";
				SWIFT_EMIT_LOC_STRINGS = YES;
				SWIFT_VERSION = 5.0;
				TARGETED_DEVICE_FAMILY = "1,2";
			};
			name = Debug;
		};
		B8F91D27281D2D5800274F60 /* Release */ = {
			isa = XCBuildConfiguration;
			buildSettings = {
				ASSETCATALOG_COMPILER_APPICON_NAME = AppIcon;
				ASSETCATALOG_COMPILER_GLOBAL_ACCENT_COLOR_NAME = AccentColor;
				CODE_SIGN_STYLE = Automatic;
				CURRENT_PROJECT_VERSION = 1;
				DEVELOPMENT_ASSET_PATHS = "\"GFGAssignment/Preview Content\"";
				DEVELOPMENT_TEAM = U8KL639237;
				ENABLE_PREVIEWS = YES;
				GENERATE_INFOPLIST_FILE = YES;
				INFOPLIST_KEY_UIApplicationSceneManifest_Generation = YES;
				INFOPLIST_KEY_UIApplicationSupportsIndirectInputEvents = YES;
				INFOPLIST_KEY_UILaunchScreen_Generation = YES;
				INFOPLIST_KEY_UISupportedInterfaceOrientations_iPad = "UIInterfaceOrientationPortrait UIInterfaceOrientationPortraitUpsideDown UIInterfaceOrientationLandscapeLeft UIInterfaceOrientationLandscapeRight";
				INFOPLIST_KEY_UISupportedInterfaceOrientations_iPhone = "UIInterfaceOrientationPortrait UIInterfaceOrientationLandscapeLeft UIInterfaceOrientationLandscapeRight";
				LD_RUNPATH_SEARCH_PATHS = (
					"$(inherited)",
					"@executable_path/Frameworks",
				);
				MARKETING_VERSION = 1.0;
				PRODUCT_BUNDLE_IDENTIFIER = com.rahul.GFGAssignment;
				PRODUCT_NAME = "$(TARGET_NAME)";
				SWIFT_EMIT_LOC_STRINGS = YES;
				SWIFT_VERSION = 5.0;
				TARGETED_DEVICE_FAMILY = "1,2";
			};
			name = Release;
		};
		B8F91D29281D2D5800274F60 /* Debug */ = {
			isa = XCBuildConfiguration;
			buildSettings = {
				ALWAYS_EMBED_SWIFT_STANDARD_LIBRARIES = YES;
				BUNDLE_LOADER = "$(TEST_HOST)";
				CODE_SIGN_STYLE = Automatic;
				CURRENT_PROJECT_VERSION = 1;
				DEVELOPMENT_TEAM = U8KL639237;
				GENERATE_INFOPLIST_FILE = YES;
				IPHONEOS_DEPLOYMENT_TARGET = 15.4;
				MARKETING_VERSION = 1.0;
				PRODUCT_BUNDLE_IDENTIFIER = com.rahul.GFGAssignmentTests;
				PRODUCT_NAME = "$(TARGET_NAME)";
				SWIFT_EMIT_LOC_STRINGS = NO;
				SWIFT_VERSION = 5.0;
				TARGETED_DEVICE_FAMILY = "1,2";
				TEST_HOST = "$(BUILT_PRODUCTS_DIR)/GFGAssignment.app/GFGAssignment";
			};
			name = Debug;
		};
		B8F91D2A281D2D5800274F60 /* Release */ = {
			isa = XCBuildConfiguration;
			buildSettings = {
				ALWAYS_EMBED_SWIFT_STANDARD_LIBRARIES = YES;
				BUNDLE_LOADER = "$(TEST_HOST)";
				CODE_SIGN_STYLE = Automatic;
				CURRENT_PROJECT_VERSION = 1;
				DEVELOPMENT_TEAM = U8KL639237;
				GENERATE_INFOPLIST_FILE = YES;
				IPHONEOS_DEPLOYMENT_TARGET = 15.4;
				MARKETING_VERSION = 1.0;
				PRODUCT_BUNDLE_IDENTIFIER = com.rahul.GFGAssignmentTests;
				PRODUCT_NAME = "$(TARGET_NAME)";
				SWIFT_EMIT_LOC_STRINGS = NO;
				SWIFT_VERSION = 5.0;
				TARGETED_DEVICE_FAMILY = "1,2";
				TEST_HOST = "$(BUILT_PRODUCTS_DIR)/GFGAssignment.app/GFGAssignment";
			};
			name = Release;
		};
		B8F91D2C281D2D5800274F60 /* Debug */ = {
			isa = XCBuildConfiguration;
			buildSettings = {
				ALWAYS_EMBED_SWIFT_STANDARD_LIBRARIES = YES;
				CODE_SIGN_STYLE = Automatic;
				CURRENT_PROJECT_VERSION = 1;
				DEVELOPMENT_TEAM = U8KL639237;
				GENERATE_INFOPLIST_FILE = YES;
				MARKETING_VERSION = 1.0;
				PRODUCT_BUNDLE_IDENTIFIER = com.rahul.GFGAssignmentUITests;
				PRODUCT_NAME = "$(TARGET_NAME)";
				SWIFT_EMIT_LOC_STRINGS = NO;
				SWIFT_VERSION = 5.0;
				TARGETED_DEVICE_FAMILY = "1,2";
				TEST_TARGET_NAME = GFGAssignment;
			};
			name = Debug;
		};
		B8F91D2D281D2D5800274F60 /* Release */ = {
			isa = XCBuildConfiguration;
			buildSettings = {
				ALWAYS_EMBED_SWIFT_STANDARD_LIBRARIES = YES;
				CODE_SIGN_STYLE = Automatic;
				CURRENT_PROJECT_VERSION = 1;
				DEVELOPMENT_TEAM = U8KL639237;
				GENERATE_INFOPLIST_FILE = YES;
				MARKETING_VERSION = 1.0;
				PRODUCT_BUNDLE_IDENTIFIER = com.rahul.GFGAssignmentUITests;
				PRODUCT_NAME = "$(TARGET_NAME)";
				SWIFT_EMIT_LOC_STRINGS = NO;
				SWIFT_VERSION = 5.0;
				TARGETED_DEVICE_FAMILY = "1,2";
				TEST_TARGET_NAME = GFGAssignment;
			};
			name = Release;
		};
/* End XCBuildConfiguration section */

/* Begin XCConfigurationList section */
		B8F91CFC281D2D5300274F60 /* Build configuration list for PBXProject "GFGAssignment" */ = {
			isa = XCConfigurationList;
			buildConfigurations = (
				B8F91D23281D2D5800274F60 /* Debug */,
				B8F91D24281D2D5800274F60 /* Release */,
			);
			defaultConfigurationIsVisible = 0;
			defaultConfigurationName = Release;
		};
		B8F91D25281D2D5800274F60 /* Build configuration list for PBXNativeTarget "GFGAssignment" */ = {
			isa = XCConfigurationList;
			buildConfigurations = (
				B8F91D26281D2D5800274F60 /* Debug */,
				B8F91D27281D2D5800274F60 /* Release */,
			);
			defaultConfigurationIsVisible = 0;
			defaultConfigurationName = Release;
		};
		B8F91D28281D2D5800274F60 /* Build configuration list for PBXNativeTarget "GFGAssignmentTests" */ = {
			isa = XCConfigurationList;
			buildConfigurations = (
				B8F91D29281D2D5800274F60 /* Debug */,
				B8F91D2A281D2D5800274F60 /* Release */,
			);
			defaultConfigurationIsVisible = 0;
			defaultConfigurationName = Release;
		};
		B8F91D2B281D2D5800274F60 /* Build configuration list for PBXNativeTarget "GFGAssignmentUITests" */ = {
			isa = XCConfigurationList;
			buildConfigurations = (
				B8F91D2C281D2D5800274F60 /* Debug */,
				B8F91D2D281D2D5800274F60 /* Release */,
			);
			defaultConfigurationIsVisible = 0;
			defaultConfigurationName = Release;
		};
/* End XCConfigurationList section */
	};
	rootObject = B8F91CF9281D2D5300274F60 /* Project object */;
}
